github.com/dundunlabs/sua v0.0.0-20230610175610-f919b53d292c h1:Dsfj/4226VZcFEPLhjsfC5gH3z3TRx+FE1oB91GtMjs=
github.com/dundunlabs/sua v0.0.0-20230610175610-f919b53d292c/go.mod h1:YrClMYP4TDwtk4CdiwPwFxHunBTopuJBCkV9UeW6FPQ=
github.com/dundunlabs/xidau v0.2.0 h1:t/wIvEzI6qvNzeTrMj/vEB+2UQejWlCunv28mrD5y6o=
github.com/dundunlabs/xidau v0.2.0/go.mod h1:9tJ6ycydx+in4imiUFweUTc3T8Y7qg6RU7HxppaEaDs=
